{
  "name": "aws",
  "version": "1.0.0",
  "lockfileVersion": 2,
  "requires": true,
  "packages": {
    "": {
      "name": "aws",
      "version": "1.0.0",
      "license": "ISC",
      "dependencies": {
        "@lifeomic/attempt": "^3.0.2",
        "uuid": "^8.3.2"
      }
    },
    "node_modules/@lifeomic/attempt": {
      "version": "3.0.2",
      "resolved": "https://registry.npmjs.org/@lifeomic/attempt/-/attempt-3.0.2.tgz",
      "integrity": "sha512-JHRfM7fUit2UroC0xRnuzMGegSTbfvz6X/1PgcIvahXC+A7UsKa8XfR1YrBsvoSu669iMTeNkDb26pSkGOzXKw=="
    },
    "node_modules/uuid": {
      "version": "8.3.2",
      "resolved": "https://registry.npmjs.org/uuid/-/uuid-8.3.2.tgz",
      "integrity": "sha512-+NYs2QeMWy+GWFOEm9xnn6HCDp0l7QBD7ml8zLUmJ+93Q5NF0NocErnwkTkXVFNiX3/fpC6afS8Dhb/gz7R7eg==",
      "bin": {
        "uuid": "dist/bin/uuid"
      }
    }
  },
  "dependencies": {
    "@lifeomic/attempt": {
      "version": "3.0.2",
      "resolved": "https://registry.npmjs.org/@lifeomic/attempt/-/attempt-3.0.2.tgz",
      "integrity": "sha512-JHRfM7fUit2UroC0xRnuzMGegSTbfvz6X/1PgcIvahXC+A7UsKa8XfR1YrBsvoSu669iMTeNkDb26pSkGOzXKw=="
    },
    "uuid": {
      "version": "8.3.2",
      "resolved": "https://registry.npmjs.org/uuid/-/uuid-8.3.2.tgz",
      "integrity": "sha512-+NYs2QeMWy+GWFOEm9xnn6HCDp0l7QBD7ml8zLUmJ+93Q5NF0NocErnwkTkXVFNiX3/fpC6afS8Dhb/gz7R7eg=="
    }
  }
}
